
Microsoft Visual Studio Solution File, Format Version 12.00
# Visual Studio Version 17
VisualStudioVersion = 17.13.35931.197
MinimumVisualStudioVersion = 10.0.40219.1
Project("{FAE04EC0-301F-11D3-BF4B-00C04F79EFBC}") = "TrainManagement", "TrainManagment\TrainManagement.csproj", "{2F6789EB-5809-4F9B-B0A4-B7AF2A679A62}"
EndProject
Global
	GlobalSection(SolutionConfigurationPlatforms) = preSolution
		Debug|Any CPU = Debug|Any CPU
		Release|Any CPU = Release|Any CPU
	EndGlobalSection
	GlobalSection(ProjectConfigurationPlatforms) = postSolution
		{2F6789EB-5809-4F9B-B0A4-B7AF2A679A62}.Debug|Any CPU.ActiveCfg = Debug|Any CPU
		{2F6789EB-5809-4F9B-B0A4-B7AF2A679A62}.Debug|Any CPU.Build.0 = Debug|Any CPU
		{2F6789EB-5809-4F9B-B0A4-B7AF2A679A62}.Release|Any CPU.ActiveCfg = Release|Any CPU
		{2F6789EB-5809-4F9B-B0A4-B7AF2A679A62}.Release|Any CPU.Build.0 = Release|Any CPU
	EndGlobalSection
	GlobalSection(SolutionProperties) = preSolution
		HideSolutionNode = FALSE
	EndGlobalSection
	GlobalSection(ExtensibilityGlobals) = postSolution
		SolutionGuid = {843CE21A-3CED-4CB2-9219-1054BD15CDB2}
	EndGlobalSection
EndGlobal
